
Microsoft Visual Studio Solution File, Format Version 12.00
# Visual Studio Version 16
VisualStudioVersion = 16.0.30225.117
MinimumVisualStudioVersion = 10.0.40219.1
Project("{E24C65DC-7377-472B-9ABA-BC803B73C61A}") = "BIRD(2)", "http://localhost:64743", "{366244D3-CD6D-4265-B42D-6CA510F616AB}"
	ProjectSection(WebsiteProperties) = preProject
		UseIISExpress = "true"
		TargetFrameworkMoniker = ".NETFramework,Version%3Dv4.5"
		Debug.AspNetCompiler.VirtualPath = "/localhost_64743"
		Debug.AspNetCompiler.PhysicalPath = "..\..\WebSites\BIRD\"
		Debug.AspNetCompiler.TargetPath = "PrecompiledWeb\localhost_64743\"
		Debug.AspNetCompiler.Updateable = "true"
		Debug.AspNetCompiler.ForceOverwrite = "true"
		Debug.AspNetCompiler.FixedNames = "false"
		Debug.AspNetCompiler.Debug = "True"
		Release.AspNetCompiler.VirtualPath = "/localhost_64743"
		Release.AspNetCompiler.PhysicalPath = "..\..\WebSites\BIRD\"
		Release.AspNetCompiler.TargetPath = "PrecompiledWeb\localhost_64743\"
		Release.AspNetCompiler.Updateable = "true"
		Release.AspNetCompiler.ForceOverwrite = "true"
		Release.AspNetCompiler.FixedNames = "false"
		Release.AspNetCompiler.Debug = "False"
		SlnRelativePath = "..\..\WebSites\BIRD\"
		DefaultWebSiteLanguage = "Visual C#"
	EndProjectSection
EndProject
Global
	GlobalSection(SolutionConfigurationPlatforms) = preSolution
		Debug|Any CPU = Debug|Any CPU
	EndGlobalSection
	GlobalSection(ProjectConfigurationPlatforms) = postSolution
		{366244D3-CD6D-4265-B42D-6CA510F616AB}.Debug|Any CPU.ActiveCfg = Debug|Any CPU
		{366244D3-CD6D-4265-B42D-6CA510F616AB}.Debug|Any CPU.Build.0 = Debug|Any CPU
	EndGlobalSection
	GlobalSection(SolutionProperties) = preSolution
		HideSolutionNode = FALSE
	EndGlobalSection
	GlobalSection(ExtensibilityGlobals) = postSolution
		SolutionGuid = {38E1DAE3-B27C-444E-AD4E-17DFBFB178C1}
	EndGlobalSection
EndGlobal
